
Microsoft Visual Studio Solution File, Format Version 12.00
# Visual Studio Version 17
VisualStudioVersion = 17.3.32811.315
MinimumVisualStudioVersion = 10.0.40219.1
Project("{FAE04EC0-301F-11D3-BF4B-00C04F79EFBC}") = "BankingSystem", "BankingSystem.csproj", "{B365CAF9-C5FB-4BC2-8ED9-54F57F92A48C}"
EndProject
Global
	GlobalSection(SolutionConfigurationPlatforms) = preSolution
		Debug|Any CPU = Debug|Any CPU
		Release|Any CPU = Release|Any CPU
	EndGlobalSection
	GlobalSection(ProjectConfigurationPlatforms) = postSolution
		{B365CAF9-C5FB-4BC2-8ED9-54F57F92A48C}.Debug|Any CPU.ActiveCfg = Debug|Any CPU
		{B365CAF9-C5FB-4BC2-8ED9-54F57F92A48C}.Debug|Any CPU.Build.0 = Debug|Any CPU
		{B365CAF9-C5FB-4BC2-8ED9-54F57F92A48C}.Release|Any CPU.ActiveCfg = Release|Any CPU
		{B365CAF9-C5FB-4BC2-8ED9-54F57F92A48C}.Release|Any CPU.Build.0 = Release|Any CPU
	EndGlobalSection
	GlobalSection(SolutionProperties) = preSolution
		HideSolutionNode = FALSE
	EndGlobalSection
	GlobalSection(ExtensibilityGlobals) = postSolution
		SolutionGuid = {667A40D3-4DF4-4F98-90FF-6CA898D0A827}
	EndGlobalSection
EndGlobal
